
Microsoft Visual Studio Solution File, Format Version 12.00
# Visual Studio Version 17
VisualStudioVersion = 17.9.34616.47
MinimumVisualStudioVersion = 10.0.40219.1
Project("{FAE04EC0-301F-11D3-BF4B-00C04F79EFBC}") = "RouteProvider", "..\RouteProviderOne\RouteProvider.csproj", "{C8F31DC6-0B0E-4219-B75A-7B4345ADC836}"
EndProject
Project("{FAE04EC0-301F-11D3-BF4B-00C04F79EFBC}") = "provider-one", "..\provider-one\provider-one.csproj", "{75638361-C382-42EA-BF92-5461F95565E6}"
EndProject
Global
	GlobalSection(SolutionConfigurationPlatforms) = preSolution
		Debug|Any CPU = Debug|Any CPU
		Release|Any CPU = Release|Any CPU
	EndGlobalSection
	GlobalSection(ProjectConfigurationPlatforms) = postSolution
		{C8F31DC6-0B0E-4219-B75A-7B4345ADC836}.Debug|Any CPU.ActiveCfg = Debug|Any CPU
		{C8F31DC6-0B0E-4219-B75A-7B4345ADC836}.Debug|Any CPU.Build.0 = Debug|Any CPU
		{C8F31DC6-0B0E-4219-B75A-7B4345ADC836}.Release|Any CPU.ActiveCfg = Release|Any CPU
		{C8F31DC6-0B0E-4219-B75A-7B4345ADC836}.Release|Any CPU.Build.0 = Release|Any CPU
		{75638361-C382-42EA-BF92-5461F95565E6}.Debug|Any CPU.ActiveCfg = Debug|Any CPU
		{75638361-C382-42EA-BF92-5461F95565E6}.Debug|Any CPU.Build.0 = Debug|Any CPU
		{75638361-C382-42EA-BF92-5461F95565E6}.Release|Any CPU.ActiveCfg = Release|Any CPU
		{75638361-C382-42EA-BF92-5461F95565E6}.Release|Any CPU.Build.0 = Release|Any CPU
	EndGlobalSection
	GlobalSection(SolutionProperties) = preSolution
		HideSolutionNode = FALSE
	EndGlobalSection
	GlobalSection(ExtensibilityGlobals) = postSolution
		SolutionGuid = {BA83ED02-FCDA-4930-93FC-E99F6A6C7913}
	EndGlobalSection
EndGlobal
